
Microsoft Visual Studio Solution File, Format Version 12.00
# Visual Studio Version 16
VisualStudioVersion = 16.0.31727.386
MinimumVisualStudioVersion = 10.0.40219.1
Project("{FAE04EC0-301F-11D3-BF4B-00C04F79EFBC}") = "Sifre ureticisi", "Sifre ureticisi\Sifre ureticisi.csproj", "{727D5ACB-9F18-4A74-BF85-12FCD74A3271}"
EndProject
Global
	GlobalSection(SolutionConfigurationPlatforms) = preSolution
		Debug|Any CPU = Debug|Any CPU
		Release|Any CPU = Release|Any CPU
	EndGlobalSection
	GlobalSection(ProjectConfigurationPlatforms) = postSolution
		{727D5ACB-9F18-4A74-BF85-12FCD74A3271}.Debug|Any CPU.ActiveCfg = Debug|Any CPU
		{727D5ACB-9F18-4A74-BF85-12FCD74A3271}.Debug|Any CPU.Build.0 = Debug|Any CPU
		{727D5ACB-9F18-4A74-BF85-12FCD74A3271}.Release|Any CPU.ActiveCfg = Release|Any CPU
		{727D5ACB-9F18-4A74-BF85-12FCD74A3271}.Release|Any CPU.Build.0 = Release|Any CPU
	EndGlobalSection
	GlobalSection(SolutionProperties) = preSolution
		HideSolutionNode = FALSE
	EndGlobalSection
	GlobalSection(ExtensibilityGlobals) = postSolution
		SolutionGuid = {11F1699C-7DEC-48ED-B8CF-0B1261BEE7F1}
	EndGlobalSection
EndGlobal
